// !$*UTF8*$!
{
	archiveVersion = 1;
	classes = {
	};
	objectVersion = 46;
	objects = {

/* Begin PBXBuildFile section */
		262008E91E2B97DB00B54E4F /* Main.storyboard in Resources */ = {isa = PBXBuildFile; fileRef = 262008E81E2B97DB00B54E4F /* Main.storyboard */; };
		262008EB1E2B9AD100B54E4F /* PlaySoundsViewController.swift in Sources */ = {isa = PBXBuildFile; fileRef = 262008EA1E2B9AD100B54E4F /* PlaySoundsViewController.swift */; };
		262008ED1E2BACF800B54E4F /* PlaySoundsViewController+Audio.swift in Sources */ = {isa = PBXBuildFile; fileRef = 262008EC1E2BACF800B54E4F /* PlaySoundsViewController+Audio.swift */; };
		26E4240E1E2AD692004E0625 /* AppDelegate.swift in Sources */ = {isa = PBXBuildFile; fileRef = 26E4240D1E2AD692004E0625 /* AppDelegate.swift */; };
		26E424101E2AD692004E0625 /* RecordSoundsViewController.swift in Sources */ = {isa = PBXBuildFile; fileRef = 26E4240F1E2AD692004E0625 /* RecordSoundsViewController.swift */; };
		26E424151E2AD693004E0625 /* Assets.xcassets in Resources */ = {isa = PBXBuildFile; fileRef = 26E424141E2AD693004E0625 /* Assets.xcassets */; };
		26E424181E2AD693004E0625 /* LaunchScreen.storyboard in Resources */ = {isa = PBXBuildFile; fileRef = 26E424161E2AD693004E0625 /* LaunchScreen.storyboard */; };
/* End PBXBuildFile section */

/* Begin PBXFileReference section */
		262008E81E2B97DB00B54E4F /* Main.storyboard */ = {isa = PBXFileReference; fileEncoding = 4; lastKnownFileType = file.storyboard; path = Main.storyboard; sourceTree = "<group>"; };
		262008EA1E2B9AD100B54E4F /* PlaySoundsViewController.swift */ = {isa = PBXFileReference; fileEncoding = 4; lastKnownFileType = sourcecode.swift; path = PlaySoundsViewController.swift; sourceTree = "<group>"; };
		262008EC1E2BACF800B54E4F /* PlaySoundsViewController+Audio.swift */ = {isa = PBXFileReference; fileEncoding = 4; lastKnownFileType = sourcecode.swift; path = "PlaySoundsViewController+Audio.swift"; sourceTree = "<group>"; };
		26E4240A1E2AD692004E0625 /* PitchPerfect.app */ = {isa = PBXFileReference; explicitFileType = wrapper.application; includeInIndex = 0; path = PitchPerfect.app; sourceTree = BUILT_PRODUCTS_DIR; };
		26E4240D1E2AD692004E0625 /* AppDelegate.swift */ = {isa = PBXFileReference; lastKnownFileType = sourcecode.swift; path = AppDelegate.swift; sourceTree = "<group>"; };
		26E4240F1E2AD692004E0625 /* RecordSoundsViewController.swift */ = {isa = PBXFileReference; lastKnownFileType = sourcecode.swift; path = RecordSoundsViewController.swift; sourceTree = "<group>"; };
		26E424141E2AD693004E0625 /* Assets.xcassets */ = {isa = PBXFileReference; lastKnownFileType = folder.assetcatalog; path = Assets.xcassets; sourceTree = "<group>"; };
		26E424171E2AD693004E0625 /* Base */ = {isa = PBXFileReference; lastKnownFileType = file.storyboard; name = Base; path = Base.lproj/LaunchScreen.storyboard; sourceTree = "<group>"; };
		26E424191E2AD693004E0625 /* Info.plist */ = {isa = PBXFileReference; lastKnownFileType = text.plist.xml; path = Info.plist; sourceTree = "<group>"; };
/* End PBXFileReference section */

/* Begin PBXFrameworksBuildPhase section */
		26E424071E2AD692004E0625 /* Frameworks */ = {
			isa = PBXFrameworksBuildPhase;
			buildActionMask = 2147483647;
			files = (
			);
			runOnlyForDeploymentPostprocessing = 0;
		};
/* End PBXFrameworksBuildPhase section */

/* Begin PBXGroup section */
		26E424011E2AD692004E0625 = {
			isa = PBXGroup;
			children = (
				26E4240C1E2AD692004E0625 /* PitchPerfect */,
				26E4240B1E2AD692004E0625 /* Products */,
			);
			indentWidth = 4;
			sourceTree = "<group>";
			tabWidth = 4;
		};
		26E4240B1E2AD692004E0625 /* Products */ = {
			isa = PBXGroup;
			children = (
				26E4240A1E2AD692004E0625 /* PitchPerfect.app */,
			);
			name = Products;
			sourceTree = "<group>";
		};
		26E4240C1E2AD692004E0625 /* PitchPerfect */ = {
			isa = PBXGroup;
			children = (
				26E424211E2ADA07004E0625 /* Model */,
				26E424201E2ADA02004E0625 /* View */,
				26E4241F1E2AD9FC004E0625 /* Controller */,
				26E4240D1E2AD692004E0625 /* AppDelegate.swift */,
				262008E81E2B97DB00B54E4F /* Main.storyboard */,
				26E424141E2AD693004E0625 /* Assets.xcassets */,
				26E424161E2AD693004E0625 /* LaunchScreen.storyboard */,
				26E424191E2AD693004E0625 /* Info.plist */,
			);
			path = PitchPerfect;
			sourceTree = "<group>";
		};
		26E4241F1E2AD9FC004E0625 /* Controller */ = {
			isa = PBXGroup;
			children = (
				26E4240F1E2AD692004E0625 /* RecordSoundsViewController.swift */,
				262008EA1E2B9AD100B54E4F /* PlaySoundsViewController.swift */,
				262008EC1E2BACF800B54E4F /* PlaySoundsViewController+Audio.swift */,
			);
			name = Controller;
			sourceTree = "<group>";
		};
		26E424201E2ADA02004E0625 /* View */ = {
			isa = PBXGroup;
			children = (
			);
			name = View;
			sourceTree = "<group>";
		};
		26E424211E2ADA07004E0625 /* Model */ = {
			isa = PBXGroup;
			children = (
			);
			name = Model;
			sourceTree = "<group>";
		};
/* End PBXGroup section */

/* Begin PBXNativeTarget section */
		26E424091E2AD692004E0625 /* PitchPerfect */ = {
			isa = PBXNativeTarget;
			buildConfigurationList = 26E4241C1E2AD693004E0625 /* Build configuration list for PBXNativeTarget "PitchPerfect" */;
			buildPhases = (
				26E424061E2AD692004E0625 /* Sources */,
				26E424071E2AD692004E0625 /* Frameworks */,
				26E424081E2AD692004E0625 /* Resources */,
			);
			buildRules = (
			);
			dependencies = (
			);
			name = PitchPerfect;
			productName = PitchPerfect;
			productReference = 26E4240A1E2AD692004E0625 /* PitchPerfect.app */;
			productType = "com.apple.product-type.application";
		};
/* End PBXNativeTarget section */

/* Begin PBXProject section */
		26E424021E2AD692004E0625 /* Project object */ = {
			isa = PBXProject;
			attributes = {
				LastSwiftUpdateCheck = 0820;
				LastUpgradeCheck = 0820;
				ORGANIZATIONNAME = Udacity;
				TargetAttributes = {
					26E424091E2AD692004E0625 = {
						CreatedOnToolsVersion = 8.2.1;
						ProvisioningStyle = Automatic;
					};
				};
			};
			buildConfigurationList = 26E424051E2AD692004E0625 /* Build configuration list for PBXProject "PitchPerfect" */;
			compatibilityVersion = "Xcode 3.2";
			developmentRegion = English;
			hasScannedForEncodings = 0;
			knownRegions = (
				en,
				Base,
			);
			mainGroup = 26E424011E2AD692004E0625;
			productRefGroup = 26E4240B1E2AD692004E0625 /* Products */;
			projectDirPath = "";
			projectRoot = "";
			targets = (
				26E424091E2AD692004E0625 /* PitchPerfect */,
			);
		};
/* End PBXProject section */

/* Begin PBXResourcesBuildPhase section */
		26E424081E2AD692004E0625 /* Resources */ = {
			isa = PBXResourcesBuildPhase;
			buildActionMask = 2147483647;
			files = (
				262008E91E2B97DB00B54E4F /* Main.storyboard in Resources */,
				26E424181E2AD693004E0625 /* LaunchScreen.storyboard in Resources */,
				26E424151E2AD693004E0625 /* Assets.xcassets in Resources */,
			);
			runOnlyForDeploymentPostprocessing = 0;
		};
/* End PBXResourcesBuildPhase section */

/* Begin PBXSourcesBuildPhase section */
		26E424061E2AD692004E0625 /* Sources */ = {
			isa = PBXSourcesBuildPhase;
			buildActionMask = 2147483647;
			files = (
				26E424101E2AD692004E0625 /* RecordSoundsViewController.swift in Sources */,
				262008ED1E2BACF800B54E4F /* PlaySoundsViewController+Audio.swift in Sources */,
				262008EB1E2B9AD100B54E4F /* PlaySoundsViewController.swift in Sources */,
				26E4240E1E2AD692004E0625 /* AppDelegate.swift in Sources */,
			);
			runOnlyForDeploymentPostprocessing = 0;
		};
/* End PBXSourcesBuildPhase section */

/* Begin PBXVariantGroup section */
		26E424161E2AD693004E0625 /* LaunchScreen.storyboard */ = {
			isa = PBXVariantGroup;
			children = (
				26E424171E2AD693004E0625 /* Base */,
			);
			name = LaunchScreen.storyboard;
			sourceTree = "<group>";
		};
/* End PBXVariantGroup section */

/* Begin XCBuildConfiguration section */
		26E4241A1E2AD693004E0625 /* Debug */ = {
			isa = XCBuildConfiguration;
			buildSettings = {
				ALWAYS_SEARCH_USER_PATHS = NO;
				CLANG_ANALYZER_NONNULL = YES;
				CLANG_CXX_LANGUAGE_STANDARD = "gnu++0x";
				CLANG_CXX_LIBRARY = "libc++";
				CLANG_ENABLE_MODULES = YES;
				CLANG_ENABLE_OBJC_ARC = YES;
				CLANG_WARN_BOOL_CONVERSION = YES;
				CLANG_WARN_CONSTANT_CONVERSION = YES;
				CLANG_WARN_DIRECT_OBJC_ISA_USAGE = YES_ERROR;
				CLANG_WARN_DOCUMENTATION_COMMENTS = YES;
				CLANG_WARN_EMPTY_BODY = YES;
				CLANG_WARN_ENUM_CONVERSION = YES;
				CLANG_WARN_INFINITE_RECURSION = YES;
				CLANG_WARN_INT_CONVERSION = YES;
				CLANG_WARN_OBJC_ROOT_CLASS = YES_ERROR;
				CLANG_WARN_SUSPICIOUS_MOVE = YES;
				CLANG_WARN_UNREACHABLE_CODE = YES;
				CLANG_WARN__DUPLICATE_METHOD_MATCH = YES;
				"CODE_SIGN_IDENTITY[sdk=iphoneos*]" = "iPhone Developer";
				COPY_PHASE_STRIP = NO;
				DEBUG_INFORMATION_FORMAT = dwarf;
				ENABLE_STRICT_OBJC_MSGSEND = YES;
				ENABLE_TESTABILITY = YES;
				GCC_C_LANGUAGE_STANDARD = gnu99;
				GCC_DYNAMIC_NO_PIC = NO;
				GCC_NO_COMMON_BLOCKS = YES;
				GCC_OPTIMIZATION_LEVEL = 0;
				GCC_PREPROCESSOR_DEFINITIONS = (
					"DEBUG=1",
					"$(inherited)",
				);
				GCC_WARN_64_TO_32_BIT_CONVERSION = YES;
				GCC_WARN_ABOUT_RETURN_TYPE = YES_ERROR;
				GCC_WARN_UNDECLARED_SELECTOR = YES;
				GCC_WARN_UNINITIALIZED_AUTOS = YES_AGGRESSIVE;
				GCC_WARN_UNUSED_FUNCTION = YES;
				GCC_WARN_UNUSED_VARIABLE = YES;
				IPHONEOS_DEPLOYMENT_TARGET = 10.2;
				MTL_ENABLE_DEBUG_INFO = YES;
				ONLY_ACTIVE_ARCH = YES;
				SDKROOT = iphoneos;
				SWIFT_ACTIVE_COMPILATION_CONDITIONS = DEBUG;
				SWIFT_OPTIMIZATION_LEVEL = "-Onone";
				TARGETED_DEVICE_FAMILY = "1,2";
			};
			name = Debug;
		};
		26E4241B1E2AD693004E0625 /* Release */ = {
			isa = XCBuildConfiguration;
			buildSettings = {
				ALWAYS_SEARCH_USER_PATHS = NO;
				CLANG_ANALYZER_NONNULL = YES;
				CLANG_CXX_LANGUAGE_STANDARD = "gnu++0x";
				CLANG_CXX_LIBRARY = "libc++";
				CLANG_ENABLE_MODULES = YES;
				CLANG_ENABLE_OBJC_ARC = YES;
				CLANG_WARN_BOOL_CONVERSION = YES;
				CLANG_WARN_CONSTANT_CONVERSION = YES;
				CLANG_WARN_DIRECT_OBJC_ISA_USAGE = YES_ERROR;
				CLANG_WARN_DOCUMENTATION_COMMENTS = YES;
				CLANG_WARN_EMPTY_BODY = YES;
				CLANG_WARN_ENUM_CONVERSION = YES;
				CLANG_WARN_INFINITE_RECURSION = YES;
				CLANG_WARN_INT_CONVERSION = YES;
				CLANG_WARN_OBJC_ROOT_CLASS = YES_ERROR;
				CLANG_WARN_SUSPICIOUS_MOVE = YES;
				CLANG_WARN_UNREACHABLE_CODE = YES;
				CLANG_WARN__DUPLICATE_METHOD_MATCH = YES;
				"CODE_SIGN_IDENTITY[sdk=iphoneos*]" = "iPhone Developer";
				COPY_PHASE_STRIP = NO;
				DEBUG_INFORMATION_FORMAT = "dwarf-with-dsym";
				ENABLE_NS_ASSERTIONS = NO;
				ENABLE_STRICT_OBJC_MSGSEND = YES;
				GCC_C_LANGUAGE_STANDARD = gnu99;
				GCC_NO_COMMON_BLOCKS = YES;
				GCC_WARN_64_TO_32_BIT_CONVERSION = YES;
				GCC_WARN_ABOUT_RETURN_TYPE = YES_ERROR;
				GCC_WARN_UNDECLARED_SELECTOR = YES;
				GCC_WARN_UNINITIALIZED_AUTOS = YES_AGGRESSIVE;
				GCC_WARN_UNUSED_FUNCTION = YES;
				GCC_WARN_UNUSED_VARIABLE = YES;
				IPHONEOS_DEPLOYMENT_TARGET = 10.2;
				MTL_ENABLE_DEBUG_INFO = NO;
				SDKROOT = iphoneos;
				SWIFT_OPTIMIZATION_LEVEL = "-Owholemodule";
				TARGETED_DEVICE_FAMILY = "1,2";
				VALIDATE_PRODUCT = YES;
			};
			name = Release;
		};
		26E4241D1E2AD693004E0625 /* Debug */ = {
			isa = XCBuildConfiguration;
			buildSettings = {
				ASSETCATALOG_COMPILER_APPICON_NAME = AppIcon;
				INFOPLIST_FILE = PitchPerfect/Info.plist;
				LD_RUNPATH_SEARCH_PATHS = "$(inherited) @executable_path/Frameworks";
				PRODUCT_BUNDLE_IDENTIFIER = com.Cameron.PitchPerfect;
				PRODUCT_NAME = "$(TARGET_NAME)";
				SWIFT_VERSION = 3.0;
			};
			name = Debug;
		};
		26E4241E1E2AD693004E0625 /* Release */ = {
			isa = XCBuildConfiguration;
			buildSettings = {
				ASSETCATALOG_COMPILER_APPICON_NAME = AppIcon;
				INFOPLIST_FILE = PitchPerfect/Info.plist;
				LD_RUNPATH_SEARCH_PATHS = "$(inherited) @executable_path/Frameworks";
				PRODUCT_BUNDLE_IDENTIFIER = com.Cameron.PitchPerfect;
				PRODUCT_NAME = "$(TARGET_NAME)";
				SWIFT_VERSION = 3.0;
			};
			name = Release;
		};
/* End XCBuildConfiguration section */

/* Begin XCConfigurationList section */
		26E424051E2AD692004E0625 /* Build configuration list for PBXProject "PitchPerfect" */ = {
			isa = XCConfigurationList;
			buildConfigurations = (
				26E4241A1E2AD693004E0625 /* Debug */,
				26E4241B1E2AD693004E0625 /* Release */,
			);
			defaultConfigurationIsVisible = 0;
			defaultConfigurationName = Release;
		};
		26E4241C1E2AD693004E0625 /* Build configuration list for PBXNativeTarget "PitchPerfect" */ = {
			isa = XCConfigurationList;
			buildConfigurations = (
				26E4241D1E2AD693004E0625 /* Debug */,
				26E4241E1E2AD693004E0625 /* Release */,
			);
			defaultConfigurationIsVisible = 0;
			defaultConfigurationName = Release;
		};
/* End XCConfigurationList section */
	};
	rootObject = 26E424021E2AD692004E0625 /* Project object */;
}
